
Microsoft Visual Studio Solution File, Format Version 12.00
# Visual Studio Version 17
VisualStudioVersion = 17.10.35027.167
MinimumVisualStudioVersion = 10.0.40219.1
Project("{FAE04EC0-301F-11D3-BF4B-00C04F79EFBC}") = "TwitterAPI", "TwitterAPI.csproj", "{0DD0D6BF-F583-4481-B6E6-9552084E1C73}"
EndProject
Global
	GlobalSection(SolutionConfigurationPlatforms) = preSolution
		Debug|Any CPU = Debug|Any CPU
		Release|Any CPU = Release|Any CPU
	EndGlobalSection
	GlobalSection(ProjectConfigurationPlatforms) = postSolution
		{0DD0D6BF-F583-4481-B6E6-9552084E1C73}.Debug|Any CPU.ActiveCfg = Debug|Any CPU
		{0DD0D6BF-F583-4481-B6E6-9552084E1C73}.Debug|Any CPU.Build.0 = Debug|Any CPU
		{0DD0D6BF-F583-4481-B6E6-9552084E1C73}.Release|Any CPU.ActiveCfg = Release|Any CPU
		{0DD0D6BF-F583-4481-B6E6-9552084E1C73}.Release|Any CPU.Build.0 = Release|Any CPU
	EndGlobalSection
	GlobalSection(SolutionProperties) = preSolution
		HideSolutionNode = FALSE
	EndGlobalSection
	GlobalSection(ExtensibilityGlobals) = postSolution
		SolutionGuid = {82566E20-ABCB-471F-A69F-C44885CC41A2}
	EndGlobalSection
EndGlobal
